
Microsoft Visual Studio Solution File, Format Version 12.00
# Visual Studio Version 17
VisualStudioVersion = 17.7.34031.279
MinimumVisualStudioVersion = 10.0.40219.1
Project("{FAE04EC0-301F-11D3-BF4B-00C04F79EFBC}") = "RegistrationForm", "RegistrationForm.csproj", "{2DAEC116-BDCD-4C34-9D6C-F0D54DD4FBCF}"
EndProject
Global
	GlobalSection(SolutionConfigurationPlatforms) = preSolution
		Debug|Any CPU = Debug|Any CPU
		Release|Any CPU = Release|Any CPU
	EndGlobalSection
	GlobalSection(ProjectConfigurationPlatforms) = postSolution
		{2DAEC116-BDCD-4C34-9D6C-F0D54DD4FBCF}.Debug|Any CPU.ActiveCfg = Debug|Any CPU
		{2DAEC116-BDCD-4C34-9D6C-F0D54DD4FBCF}.Debug|Any CPU.Build.0 = Debug|Any CPU
		{2DAEC116-BDCD-4C34-9D6C-F0D54DD4FBCF}.Debug|Any CPU.Deploy.0 = Debug|Any CPU
		{2DAEC116-BDCD-4C34-9D6C-F0D54DD4FBCF}.Release|Any CPU.ActiveCfg = Release|Any CPU
		{2DAEC116-BDCD-4C34-9D6C-F0D54DD4FBCF}.Release|Any CPU.Build.0 = Release|Any CPU
		{2DAEC116-BDCD-4C34-9D6C-F0D54DD4FBCF}.Release|Any CPU.Deploy.0 = Release|Any CPU
	EndGlobalSection
	GlobalSection(SolutionProperties) = preSolution
		HideSolutionNode = FALSE
	EndGlobalSection
	GlobalSection(ExtensibilityGlobals) = postSolution
		SolutionGuid = {BFAB38EA-C548-4887-9208-1EBE2AB4521C}
	EndGlobalSection
EndGlobal
